
Microsoft Visual Studio Solution File, Format Version 12.00
# Visual Studio 15
VisualStudioVersion = 15.0.28010.2050
MinimumVisualStudioVersion = 10.0.40219.1
Project("{FAE04EC0-301F-11D3-BF4B-00C04F79EFBC}") = "WorkerTest", "WorkerTest\WorkerTest.csproj", "{CAB02247-119A-4AD3-90FF-33793D238D9C}"
EndProject
Project("{FAE04EC0-301F-11D3-BF4B-00C04F79EFBC}") = "TestApp", "TestApp\TestApp.csproj", "{D66D5701-6A86-4E23-A4BF-858D6CD0EE5B}"
EndProject
Global
	GlobalSection(SolutionConfigurationPlatforms) = preSolution
		Debug|Any CPU = Debug|Any CPU
		Release|Any CPU = Release|Any CPU
	EndGlobalSection
	GlobalSection(ProjectConfigurationPlatforms) = postSolution
		{CAB02247-119A-4AD3-90FF-33793D238D9C}.Debug|Any CPU.ActiveCfg = Debug|Any CPU
		{CAB02247-119A-4AD3-90FF-33793D238D9C}.Debug|Any CPU.Build.0 = Debug|Any CPU
		{CAB02247-119A-4AD3-90FF-33793D238D9C}.Release|Any CPU.ActiveCfg = Release|Any CPU
		{CAB02247-119A-4AD3-90FF-33793D238D9C}.Release|Any CPU.Build.0 = Release|Any CPU
		{D66D5701-6A86-4E23-A4BF-858D6CD0EE5B}.Debug|Any CPU.ActiveCfg = Debug|Any CPU
		{D66D5701-6A86-4E23-A4BF-858D6CD0EE5B}.Debug|Any CPU.Build.0 = Debug|Any CPU
		{D66D5701-6A86-4E23-A4BF-858D6CD0EE5B}.Release|Any CPU.ActiveCfg = Release|Any CPU
		{D66D5701-6A86-4E23-A4BF-858D6CD0EE5B}.Release|Any CPU.Build.0 = Release|Any CPU
	EndGlobalSection
	GlobalSection(SolutionProperties) = preSolution
		HideSolutionNode = FALSE
	EndGlobalSection
	GlobalSection(ExtensibilityGlobals) = postSolution
		SolutionGuid = {962F3F8D-3FC7-4A11-B814-C6D26B0C4C9B}
	EndGlobalSection
EndGlobal
